
Microsoft Visual Studio Solution File, Format Version 12.00
# Visual Studio Version 16
VisualStudioVersion = 16.0.34601.136
MinimumVisualStudioVersion = 10.0.40219.1
Project("{FAE04EC0-301F-11D3-BF4B-00C04F79EFBC}") = "Fine Amount Add in Payment", "Fine Amount Add in Payment\Fine Amount Add in Payment.csproj", "{0DD0D5EA-AAFA-498E-9F73-6AF0BD9648B7}"
EndProject
Global
	GlobalSection(SolutionConfigurationPlatforms) = preSolution
		Debug|Any CPU = Debug|Any CPU
		Release|Any CPU = Release|Any CPU
	EndGlobalSection
	GlobalSection(ProjectConfigurationPlatforms) = postSolution
		{0DD0D5EA-AAFA-498E-9F73-6AF0BD9648B7}.Debug|Any CPU.ActiveCfg = Debug|Any CPU
		{0DD0D5EA-AAFA-498E-9F73-6AF0BD9648B7}.Debug|Any CPU.Build.0 = Debug|Any CPU
		{0DD0D5EA-AAFA-498E-9F73-6AF0BD9648B7}.Release|Any CPU.ActiveCfg = Release|Any CPU
		{0DD0D5EA-AAFA-498E-9F73-6AF0BD9648B7}.Release|Any CPU.Build.0 = Release|Any CPU
	EndGlobalSection
	GlobalSection(SolutionProperties) = preSolution
		HideSolutionNode = FALSE
	EndGlobalSection
	GlobalSection(ExtensibilityGlobals) = postSolution
		SolutionGuid = {9FB5B36E-CB29-4C0A-A5DE-B3C95CF81829}
	EndGlobalSection
EndGlobal
